
Microsoft Visual Studio Solution File, Format Version 12.00
# Visual Studio Version 17
VisualStudioVersion = 17.5.002.0
MinimumVisualStudioVersion = 10.0.40219.1
Project("{2150E333-8FDC-42A3-9474-1A3956D46DE8}") = "csharp-prep", "csharp-prep", "{E368827E-4C6C-487D-A199-311F53678A1C}"
EndProject
Project("{9A19103F-16F7-4668-BE54-9A1E7A4F7556}") = "Prep1", "csharp-prep\Prep1\Prep1.csproj", "{B20C779D-94A3-4A59-BDF3-F95DF7E8424E}"
EndProject
Project("{9A19103F-16F7-4668-BE54-9A1E7A4F7556}") = "Prep2", "csharp-prep\Prep2\Prep2.csproj", "{6C7124F1-DA7B-46AF-921C-CCA734B911B4}"
EndProject
Project("{9A19103F-16F7-4668-BE54-9A1E7A4F7556}") = "Prep3", "csharp-prep\Prep3\Prep3.csproj", "{ADD10D3A-0494-4A59-9D53-B10045393D87}"
EndProject
Project("{9A19103F-16F7-4668-BE54-9A1E7A4F7556}") = "Prep4", "csharp-prep\Prep4\Prep4.csproj", "{C019ECD8-6293-44D4-AC82-AC39845425A0}"
EndProject
Project("{9A19103F-16F7-4668-BE54-9A1E7A4F7556}") = "Prep5", "csharp-prep\Prep5\Prep5.csproj", "{719DBC2B-9CC5-4BD7-997F-B5A49F8ED96C}"
EndProject
Project("{2150E333-8FDC-42A3-9474-1A3956D46DE8}") = "final", "final", "{8F44E38E-8975-4EBD-B5A5-E4A59E6266E8}"
EndProject
Project("{9A19103F-16F7-4668-BE54-9A1E7A4F7556}") = "FinalProject", "final\FinalProject\FinalProject.csproj", "{2844883F-8819-4CA7-85C1-0433DF74AF7C}"
EndProject
Project("{9A19103F-16F7-4668-BE54-9A1E7A4F7556}") = "Foundation1", "final\Foundation1\Foundation1.csproj", "{CC8CA426-BB46-460A-AD58-38A18079990C}"
EndProject
Project("{9A19103F-16F7-4668-BE54-9A1E7A4F7556}") = "Foundation2", "final\Foundation2\Foundation2.csproj", "{F01633C2-AD6F-474A-9A24-01271885FFC7}"
EndProject
Project("{9A19103F-16F7-4668-BE54-9A1E7A4F7556}") = "Foundation3", "final\Foundation3\Foundation3.csproj", "{E5C2EAAE-CA58-48B3-B25D-F53404E20F25}"
EndProject
Project("{9A19103F-16F7-4668-BE54-9A1E7A4F7556}") = "Foundation4", "final\Foundation4\Foundation4.csproj", "{EE031BEA-5B62-4AA6-A5F5-3EB8A6891E4C}"
EndProject
Project("{2150E333-8FDC-42A3-9474-1A3956D46DE8}") = "prepare", "prepare", "{3FE6922C-3547-4139-BF46-46B5F418CD6A}"
EndProject
Project("{9A19103F-16F7-4668-BE54-9A1E7A4F7556}") = "Learning02", "prepare\Learning02\Learning02.csproj", "{9EE9A9AE-9FB4-4005-ABFB-82442AD2E84F}"
EndProject
Project("{9A19103F-16F7-4668-BE54-9A1E7A4F7556}") = "Learning03", "prepare\Learning03\Learning03.csproj", "{EF50FF8F-6D91-438D-9F20-77DFA6780F86}"
EndProject
Project("{9A19103F-16F7-4668-BE54-9A1E7A4F7556}") = "Learning04", "prepare\Learning04\Learning04.csproj", "{4EA32711-DFEA-43FC-A21C-9DE3A96245D9}"
EndProject
Project("{9A19103F-16F7-4668-BE54-9A1E7A4F7556}") = "Learning05", "prepare\Learning05\Learning05.csproj", "{8A47691A-21A1-44BA-A42A-CD23424E0BFB}"
EndProject
Project("{2150E333-8FDC-42A3-9474-1A3956D46DE8}") = "prove", "prove", "{D5420B5C-20D8-491E-AECE-5197A5BF2042}"
EndProject
Project("{9A19103F-16F7-4668-BE54-9A1E7A4F7556}") = "Develop02", "prove\Develop02\Develop02.csproj", "{A58DE3CA-6877-4B0D-842E-7D7FF2F48BB5}"
EndProject
Project("{9A19103F-16F7-4668-BE54-9A1E7A4F7556}") = "Develop03", "prove\Develop03\Develop03.csproj", "{516E9A35-3F7B-495F-BDBF-8A26D168A690}"
EndProject
Project("{9A19103F-16F7-4668-BE54-9A1E7A4F7556}") = "Develop04", "prove\Develop04\Develop04.csproj", "{698636BB-5791-4984-92CA-339951C5D793}"
EndProject
Project("{9A19103F-16F7-4668-BE54-9A1E7A4F7556}") = "Develop05", "prove\Develop05\Develop05.csproj", "{90149017-176B-468A-9163-68F85453AEFB}"
EndProject
Project("{2150E333-8FDC-42A3-9474-1A3956D46DE8}") = "sandbox", "sandbox", "{C5826375-0EFD-4511-B98C-CE82C089734D}"
EndProject
Project("{9A19103F-16F7-4668-BE54-9A1E7A4F7556}") = "Sandbox", "sandbox\Sandbox\Sandbox.csproj", "{1F1ADB37-22BA-44A6-8233-73F83978DB72}"
EndProject
Global
	GlobalSection(SolutionConfigurationPlatforms) = preSolution
		Debug|Any CPU = Debug|Any CPU
		Release|Any CPU = Release|Any CPU
	EndGlobalSection
	GlobalSection(ProjectConfigurationPlatforms) = postSolution
		{B20C779D-94A3-4A59-BDF3-F95DF7E8424E}.Debug|Any CPU.ActiveCfg = Debug|Any CPU
		{B20C779D-94A3-4A59-BDF3-F95DF7E8424E}.Debug|Any CPU.Build.0 = Debug|Any CPU
		{B20C779D-94A3-4A59-BDF3-F95DF7E8424E}.Release|Any CPU.ActiveCfg = Release|Any CPU
		{B20C779D-94A3-4A59-BDF3-F95DF7E8424E}.Release|Any CPU.Build.0 = Release|Any CPU
		{6C7124F1-DA7B-46AF-921C-CCA734B911B4}.Debug|Any CPU.ActiveCfg = Debug|Any CPU
		{6C7124F1-DA7B-46AF-921C-CCA734B911B4}.Debug|Any CPU.Build.0 = Debug|Any CPU
		{6C7124F1-DA7B-46AF-921C-CCA734B911B4}.Release|Any CPU.ActiveCfg = Release|Any CPU
		{6C7124F1-DA7B-46AF-921C-CCA734B911B4}.Release|Any CPU.Build.0 = Release|Any CPU
		{ADD10D3A-0494-4A59-9D53-B10045393D87}.Debug|Any CPU.ActiveCfg = Debug|Any CPU
		{ADD10D3A-0494-4A59-9D53-B10045393D87}.Debug|Any CPU.Build.0 = Debug|Any CPU
		{ADD10D3A-0494-4A59-9D53-B10045393D87}.Release|Any CPU.ActiveCfg = Release|Any CPU
		{ADD10D3A-0494-4A59-9D53-B10045393D87}.Release|Any CPU.Build.0 = Release|Any CPU
		{C019ECD8-6293-44D4-AC82-AC39845425A0}.Debug|Any CPU.ActiveCfg = Debug|Any CPU
		{C019ECD8-6293-44D4-AC82-AC39845425A0}.Debug|Any CPU.Build.0 = Debug|Any CPU
		{C019ECD8-6293-44D4-AC82-AC39845425A0}.Release|Any CPU.ActiveCfg = Release|Any CPU
		{C019ECD8-6293-44D4-AC82-AC39845425A0}.Release|Any CPU.Build.0 = Release|Any CPU
		{719DBC2B-9CC5-4BD7-997F-B5A49F8ED96C}.Debug|Any CPU.ActiveCfg = Debug|Any CPU
		{719DBC2B-9CC5-4BD7-997F-B5A49F8ED96C}.Debug|Any CPU.Build.0 = Debug|Any CPU
		{719DBC2B-9CC5-4BD7-997F-B5A49F8ED96C}.Release|Any CPU.ActiveCfg = Release|Any CPU
		{719DBC2B-9CC5-4BD7-997F-B5A49F8ED96C}.Release|Any CPU.Build.0 = Release|Any CPU
		{2844883F-8819-4CA7-85C1-0433DF74AF7C}.Debug|Any CPU.ActiveCfg = Debug|Any CPU
		{2844883F-8819-4CA7-85C1-0433DF74AF7C}.Debug|Any CPU.Build.0 = Debug|Any CPU
		{2844883F-8819-4CA7-85C1-0433DF74AF7C}.Release|Any CPU.ActiveCfg = Release|Any CPU
		{2844883F-8819-4CA7-85C1-0433DF74AF7C}.Release|Any CPU.Build.0 = Release|Any CPU
		{CC8CA426-BB46-460A-AD58-38A18079990C}.Debug|Any CPU.ActiveCfg = Debug|Any CPU
		{CC8CA426-BB46-460A-AD58-38A18079990C}.Debug|Any CPU.Build.0 = Debug|Any CPU
		{CC8CA426-BB46-460A-AD58-38A18079990C}.Release|Any CPU.ActiveCfg = Release|Any CPU
		{CC8CA426-BB46-460A-AD58-38A18079990C}.Release|Any CPU.Build.0 = Release|Any CPU
		{F01633C2-AD6F-474A-9A24-01271885FFC7}.Debug|Any CPU.ActiveCfg = Debug|Any CPU
		{F01633C2-AD6F-474A-9A24-01271885FFC7}.Debug|Any CPU.Build.0 = Debug|Any CPU
		{F01633C2-AD6F-474A-9A24-01271885FFC7}.Release|Any CPU.ActiveCfg = Release|Any CPU
		{F01633C2-AD6F-474A-9A24-01271885FFC7}.Release|Any CPU.Build.0 = Release|Any CPU
		{E5C2EAAE-CA58-48B3-B25D-F53404E20F25}.Debug|Any CPU.ActiveCfg = Debug|Any CPU
		{E5C2EAAE-CA58-48B3-B25D-F53404E20F25}.Debug|Any CPU.Build.0 = Debug|Any CPU
		{E5C2EAAE-CA58-48B3-B25D-F53404E20F25}.Release|Any CPU.ActiveCfg = Release|Any CPU
		{E5C2EAAE-CA58-48B3-B25D-F53404E20F25}.Release|Any CPU.Build.0 = Release|Any CPU
		{EE031BEA-5B62-4AA6-A5F5-3EB8A6891E4C}.Debug|Any CPU.ActiveCfg = Debug|Any CPU
		{EE031BEA-5B62-4AA6-A5F5-3EB8A6891E4C}.Debug|Any CPU.Build.0 = Debug|Any CPU
		{EE031BEA-5B62-4AA6-A5F5-3EB8A6891E4C}.Release|Any CPU.ActiveCfg = Release|Any CPU
		{EE031BEA-5B62-4AA6-A5F5-3EB8A6891E4C}.Release|Any CPU.Build.0 = Release|Any CPU
		{9EE9A9AE-9FB4-4005-ABFB-82442AD2E84F}.Debug|Any CPU.ActiveCfg = Debug|Any CPU
		{9EE9A9AE-9FB4-4005-ABFB-82442AD2E84F}.Debug|Any CPU.Build.0 = Debug|Any CPU
		{9EE9A9AE-9FB4-4005-ABFB-82442AD2E84F}.Release|Any CPU.ActiveCfg = Release|Any CPU
		{9EE9A9AE-9FB4-4005-ABFB-82442AD2E84F}.Release|Any CPU.Build.0 = Release|Any CPU
		{EF50FF8F-6D91-438D-9F20-77DFA6780F86}.Debug|Any CPU.ActiveCfg = Debug|Any CPU
		{EF50FF8F-6D91-438D-9F20-77DFA6780F86}.Debug|Any CPU.Build.0 = Debug|Any CPU
		{EF50FF8F-6D91-438D-9F20-77DFA6780F86}.Release|Any CPU.ActiveCfg = Release|Any CPU
		{EF50FF8F-6D91-438D-9F20-77DFA6780F86}.Release|Any CPU.Build.0 = Release|Any CPU
		{4EA32711-DFEA-43FC-A21C-9DE3A96245D9}.Debug|Any CPU.ActiveCfg = Debug|Any CPU
		{4EA32711-DFEA-43FC-A21C-9DE3A96245D9}.Debug|Any CPU.Build.0 = Debug|Any CPU
		{4EA32711-DFEA-43FC-A21C-9DE3A96245D9}.Release|Any CPU.ActiveCfg = Release|Any CPU
		{4EA32711-DFEA-43FC-A21C-9DE3A96245D9}.Release|Any CPU.Build.0 = Release|Any CPU
		{8A47691A-21A1-44BA-A42A-CD23424E0BFB}.Debug|Any CPU.ActiveCfg = Debug|Any CPU
		{8A47691A-21A1-44BA-A42A-CD23424E0BFB}.Debug|Any CPU.Build.0 = Debug|Any CPU
		{8A47691A-21A1-44BA-A42A-CD23424E0BFB}.Release|Any CPU.ActiveCfg = Release|Any CPU
		{8A47691A-21A1-44BA-A42A-CD23424E0BFB}.Release|Any CPU.Build.0 = Release|Any CPU
		{A58DE3CA-6877-4B0D-842E-7D7FF2F48BB5}.Debug|Any CPU.ActiveCfg = Debug|Any CPU
		{A58DE3CA-6877-4B0D-842E-7D7FF2F48BB5}.Debug|Any CPU.Build.0 = Debug|Any CPU
		{A58DE3CA-6877-4B0D-842E-7D7FF2F48BB5}.Release|Any CPU.ActiveCfg = Release|Any CPU
		{A58DE3CA-6877-4B0D-842E-7D7FF2F48BB5}.Release|Any CPU.Build.0 = Release|Any CPU
		{516E9A35-3F7B-495F-BDBF-8A26D168A690}.Debug|Any CPU.ActiveCfg = Debug|Any CPU
		{516E9A35-3F7B-495F-BDBF-8A26D168A690}.Debug|Any CPU.Build.0 = Debug|Any CPU
		{516E9A35-3F7B-495F-BDBF-8A26D168A690}.Release|Any CPU.ActiveCfg = Release|Any CPU
		{516E9A35-3F7B-495F-BDBF-8A26D168A690}.Release|Any CPU.Build.0 = Release|Any CPU
		{698636BB-5791-4984-92CA-339951C5D793}.Debug|Any CPU.ActiveCfg = Debug|Any CPU
		{698636BB-5791-4984-92CA-339951C5D793}.Debug|Any CPU.Build.0 = Debug|Any CPU
		{698636BB-5791-4984-92CA-339951C5D793}.Release|Any CPU.ActiveCfg = Release|Any CPU
		{698636BB-5791-4984-92CA-339951C5D793}.Release|Any CPU.Build.0 = Release|Any CPU
		{90149017-176B-468A-9163-68F85453AEFB}.Debug|Any CPU.ActiveCfg = Debug|Any CPU
		{90149017-176B-468A-9163-68F85453AEFB}.Debug|Any CPU.Build.0 = Debug|Any CPU
		{90149017-176B-468A-9163-68F85453AEFB}.Release|Any CPU.ActiveCfg = Release|Any CPU
		{90149017-176B-468A-9163-68F85453AEFB}.Release|Any CPU.Build.0 = Release|Any CPU
		{1F1ADB37-22BA-44A6-8233-73F83978DB72}.Debug|Any CPU.ActiveCfg = Debug|Any CPU
		{1F1ADB37-22BA-44A6-8233-73F83978DB72}.Debug|Any CPU.Build.0 = Debug|Any CPU
		{1F1ADB37-22BA-44A6-8233-73F83978DB72}.Release|Any CPU.ActiveCfg = Release|Any CPU
		{1F1ADB37-22BA-44A6-8233-73F83978DB72}.Release|Any CPU.Build.0 = Release|Any CPU
	EndGlobalSection
	GlobalSection(SolutionProperties) = preSolution
		HideSolutionNode = FALSE
	EndGlobalSection
	GlobalSection(NestedProjects) = preSolution
		{B20C779D-94A3-4A59-BDF3-F95DF7E8424E} = {E368827E-4C6C-487D-A199-311F53678A1C}
		{6C7124F1-DA7B-46AF-921C-CCA734B911B4} = {E368827E-4C6C-487D-A199-311F53678A1C}
		{ADD10D3A-0494-4A59-9D53-B10045393D87} = {E368827E-4C6C-487D-A199-311F53678A1C}
		{C019ECD8-6293-44D4-AC82-AC39845425A0} = {E368827E-4C6C-487D-A199-311F53678A1C}
		{719DBC2B-9CC5-4BD7-997F-B5A49F8ED96C} = {E368827E-4C6C-487D-A199-311F53678A1C}
		{2844883F-8819-4CA7-85C1-0433DF74AF7C} = {8F44E38E-8975-4EBD-B5A5-E4A59E6266E8}
		{CC8CA426-BB46-460A-AD58-38A18079990C} = {8F44E38E-8975-4EBD-B5A5-E4A59E6266E8}
		{F01633C2-AD6F-474A-9A24-01271885FFC7} = {8F44E38E-8975-4EBD-B5A5-E4A59E6266E8}
		{E5C2EAAE-CA58-48B3-B25D-F53404E20F25} = {8F44E38E-8975-4EBD-B5A5-E4A59E6266E8}
		{EE031BEA-5B62-4AA6-A5F5-3EB8A6891E4C} = {8F44E38E-8975-4EBD-B5A5-E4A59E6266E8}
		{9EE9A9AE-9FB4-4005-ABFB-82442AD2E84F} = {3FE6922C-3547-4139-BF46-46B5F418CD6A}
		{EF50FF8F-6D91-438D-9F20-77DFA6780F86} = {3FE6922C-3547-4139-BF46-46B5F418CD6A}
		{4EA32711-DFEA-43FC-A21C-9DE3A96245D9} = {3FE6922C-3547-4139-BF46-46B5F418CD6A}
		{8A47691A-21A1-44BA-A42A-CD23424E0BFB} = {3FE6922C-3547-4139-BF46-46B5F418CD6A}
		{A58DE3CA-6877-4B0D-842E-7D7FF2F48BB5} = {D5420B5C-20D8-491E-AECE-5197A5BF2042}
		{516E9A35-3F7B-495F-BDBF-8A26D168A690} = {D5420B5C-20D8-491E-AECE-5197A5BF2042}
		{698636BB-5791-4984-92CA-339951C5D793} = {D5420B5C-20D8-491E-AECE-5197A5BF2042}
		{90149017-176B-468A-9163-68F85453AEFB} = {D5420B5C-20D8-491E-AECE-5197A5BF2042}
		{1F1ADB37-22BA-44A6-8233-73F83978DB72} = {C5826375-0EFD-4511-B98C-CE82C089734D}
	EndGlobalSection
	GlobalSection(ExtensibilityGlobals) = postSolution
		SolutionGuid = {F28FEF6F-6193-469E-A9BD-0BFBE768301D}
	EndGlobalSection
EndGlobal
